dependencies:
- name: infinispan-infinispan
  repository: https://charts.openshift.io
  version: 0.3.2
- name: reloader
  repository: https://stakater.github.io/stakater-charts
  version: 1.0.29
digest: sha256:ae403d437b26beefc946495b03a60f95d1ccd13d36e3f8ea88951e78e11ba9bd
generated: "2023-07-07T10:21:28.489516+02:00"
