dependencies:
- name: infinispan-infinispan
  repository: https://charts.openshift.io
  version: 0.3.2
- name: reloader
  repository: https://stakater.github.io/stakater-charts
  version: 1.0.29
digest: sha256:c47a83bfed2e8c7b5e09e9f0caf6e68dac85c4ec0e4da15e7e7f003ce1172e6c
generated: "2023-07-07T13:55:16.7529+02:00"
