dependencies:
- name: infinispan-infinispan
  repository: https://charts.openshift.io
  version: 0.3.1
- name: sealed-secrets
  repository: https://bitnami-labs.github.io/sealed-secrets
  version: 2.10.0
digest: sha256:bcac33ca3a2a76e1d29c5eff3601609a32d2983c3bcee5654ca687798a74b0e9
generated: "2023-06-26T16:13:01.502678+02:00"
